
Microsoft Visual Studio Solution File, Format Version 12.00
# Visual Studio 15
VisualStudioVersion = 15.0.27004.2009
MinimumVisualStudioVersion = 10.0.40219.1
Project("{FAE04EC0-301F-11D3-BF4B-00C04F79EFBC}") = "GigHubWebApp", "GigHubWebApp\GigHubWebApp.csproj", "{BE34ED47-DEF1-49B3-B802-D31CCA2578FA}"
EndProject
Global
	GlobalSection(SolutionConfigurationPlatforms) = preSolution
		Debug|Any CPU = Debug|Any CPU
		Release|Any CPU = Release|Any CPU
	EndGlobalSection
	GlobalSection(ProjectConfigurationPlatforms) = postSolution
		{BE34ED47-DEF1-49B3-B802-D31CCA2578FA}.Debug|Any CPU.ActiveCfg = Debug|Any CPU
		{BE34ED47-DEF1-49B3-B802-D31CCA2578FA}.Debug|Any CPU.Build.0 = Debug|Any CPU
		{BE34ED47-DEF1-49B3-B802-D31CCA2578FA}.Release|Any CPU.ActiveCfg = Release|Any CPU
		{BE34ED47-DEF1-49B3-B802-D31CCA2578FA}.Release|Any CPU.Build.0 = Release|Any CPU
	EndGlobalSection
	GlobalSection(SolutionProperties) = preSolution
		HideSolutionNode = FALSE
	EndGlobalSection
	GlobalSection(ExtensibilityGlobals) = postSolution
		SolutionGuid = {26B81FD0-D5A1-4A7A-8DB3-3BB10ECAED36}
	EndGlobalSection
EndGlobal
